
Microsoft Visual Studio Solution File, Format Version 12.00
# Visual Studio Version 16
VisualStudioVersion = 16.0.810.13
MinimumVisualStudioVersion = 10.0.40219.1
Project("{FAE04EC0-301F-11D3-BF4B-00C04F79EFBC}") = "Lab1_1", "Lab1_1\Lab1_1.csproj", "{77A26B00-FE43-444F-9501-4ABBB84A8EDF}"
EndProject
Global
	GlobalSection(SolutionConfigurationPlatforms) = preSolution
		Debug|Any CPU = Debug|Any CPU
		Release|Any CPU = Release|Any CPU
	EndGlobalSection
	GlobalSection(ProjectConfigurationPlatforms) = postSolution
		{77A26B00-FE43-444F-9501-4ABBB84A8EDF}.Debug|Any CPU.ActiveCfg = Debug|Any CPU
		{77A26B00-FE43-444F-9501-4ABBB84A8EDF}.Debug|Any CPU.Build.0 = Debug|Any CPU
		{77A26B00-FE43-444F-9501-4ABBB84A8EDF}.Release|Any CPU.ActiveCfg = Release|Any CPU
		{77A26B00-FE43-444F-9501-4ABBB84A8EDF}.Release|Any CPU.Build.0 = Release|Any CPU
	EndGlobalSection
	GlobalSection(SolutionProperties) = preSolution
		HideSolutionNode = FALSE
	EndGlobalSection
	GlobalSection(ExtensibilityGlobals) = postSolution
		SolutionGuid = {A303F128-2D8F-42C8-BEBE-6EC1392EE50C}
	EndGlobalSection
EndGlobal
